
Microsoft Visual Studio Solution File, Format Version 12.00
# Visual Studio 14
VisualStudioVersion = 14.0.24720.0
MinimumVisualStudioVersion = 10.0.40219.1
Project("{FAE04EC0-301F-11D3-BF4B-00C04F79EFBC}") = "MixMusic", "MixMusic\MixMusic.csproj", "{24146016-98F6-4EC6-A6A6-01D6D82F8348}"
EndProject
Project("{FAE04EC0-301F-11D3-BF4B-00C04F79EFBC}") = "BackgroundAudioShared", "BackgroundAudioShared\BackgroundAudioShared.csproj", "{62C43640-D9FB-41B8-81B7-A02BE8FACD09}"
EndProject
Project("{FAE04EC0-301F-11D3-BF4B-00C04F79EFBC}") = "AsyncHttpClientUWP", "AsyncHttpClientUWP\AsyncHttpClientUWP.csproj", "{4E03DB9F-54A7-461E-AF2B-E8BDB76A53FF}"
EndProject
Project("{FAE04EC0-301F-11D3-BF4B-00C04F79EFBC}") = "BackgroundAudioTask", "BackgroundAudioTask\BackgroundAudioTask.csproj", "{8D0109B3-FEA4-4740-B850-24A1522348CB}"
EndProject
Global
	GlobalSection(SolutionConfigurationPlatforms) = preSolution
		Debug|Any CPU = Debug|Any CPU
		Debug|ARM = Debug|ARM
		Debug|x64 = Debug|x64
		Debug|x86 = Debug|x86
		Release|Any CPU = Release|Any CPU
		Release|ARM = Release|ARM
		Release|x64 = Release|x64
		Release|x86 = Release|x86
	EndGlobalSection
	GlobalSection(ProjectConfigurationPlatforms) = postSolution
		{24146016-98F6-4EC6-A6A6-01D6D82F8348}.Debug|Any CPU.ActiveCfg = Debug|x86
		{24146016-98F6-4EC6-A6A6-01D6D82F8348}.Debug|ARM.ActiveCfg = Debug|ARM
		{24146016-98F6-4EC6-A6A6-01D6D82F8348}.Debug|ARM.Build.0 = Debug|ARM
		{24146016-98F6-4EC6-A6A6-01D6D82F8348}.Debug|ARM.Deploy.0 = Debug|ARM
		{24146016-98F6-4EC6-A6A6-01D6D82F8348}.Debug|x64.ActiveCfg = Debug|x64
		{24146016-98F6-4EC6-A6A6-01D6D82F8348}.Debug|x64.Build.0 = Debug|x64
		{24146016-98F6-4EC6-A6A6-01D6D82F8348}.Debug|x64.Deploy.0 = Debug|x64
		{24146016-98F6-4EC6-A6A6-01D6D82F8348}.Debug|x86.ActiveCfg = Debug|x86
		{24146016-98F6-4EC6-A6A6-01D6D82F8348}.Debug|x86.Build.0 = Debug|x86
		{24146016-98F6-4EC6-A6A6-01D6D82F8348}.Debug|x86.Deploy.0 = Debug|x86
		{24146016-98F6-4EC6-A6A6-01D6D82F8348}.Release|Any CPU.ActiveCfg = Release|x86
		{24146016-98F6-4EC6-A6A6-01D6D82F8348}.Release|ARM.ActiveCfg = Release|ARM
		{24146016-98F6-4EC6-A6A6-01D6D82F8348}.Release|ARM.Build.0 = Release|ARM
		{24146016-98F6-4EC6-A6A6-01D6D82F8348}.Release|ARM.Deploy.0 = Release|ARM
		{24146016-98F6-4EC6-A6A6-01D6D82F8348}.Release|x64.ActiveCfg = Release|x64
		{24146016-98F6-4EC6-A6A6-01D6D82F8348}.Release|x64.Build.0 = Release|x64
		{24146016-98F6-4EC6-A6A6-01D6D82F8348}.Release|x64.Deploy.0 = Release|x64
		{24146016-98F6-4EC6-A6A6-01D6D82F8348}.Release|x86.ActiveCfg = Release|x86
		{24146016-98F6-4EC6-A6A6-01D6D82F8348}.Release|x86.Build.0 = Release|x86
		{24146016-98F6-4EC6-A6A6-01D6D82F8348}.Release|x86.Deploy.0 = Release|x86
		{62C43640-D9FB-41B8-81B7-A02BE8FACD09}.Debug|Any CPU.ActiveCfg = Debug|x86
		{62C43640-D9FB-41B8-81B7-A02BE8FACD09}.Debug|ARM.ActiveCfg = Debug|ARM
		{62C43640-D9FB-41B8-81B7-A02BE8FACD09}.Debug|ARM.Build.0 = Debug|ARM
		{62C43640-D9FB-41B8-81B7-A02BE8FACD09}.Debug|x64.ActiveCfg = Debug|x64
		{62C43640-D9FB-41B8-81B7-A02BE8FACD09}.Debug|x64.Build.0 = Debug|x64
		{62C43640-D9FB-41B8-81B7-A02BE8FACD09}.Debug|x86.ActiveCfg = Debug|x86
		{62C43640-D9FB-41B8-81B7-A02BE8FACD09}.Debug|x86.Build.0 = Debug|x86
		{62C43640-D9FB-41B8-81B7-A02BE8FACD09}.Release|Any CPU.ActiveCfg = Release|x86
		{62C43640-D9FB-41B8-81B7-A02BE8FACD09}.Release|ARM.ActiveCfg = Release|ARM
		{62C43640-D9FB-41B8-81B7-A02BE8FACD09}.Release|ARM.Build.0 = Release|ARM
		{62C43640-D9FB-41B8-81B7-A02BE8FACD09}.Release|x64.ActiveCfg = Release|x64
		{62C43640-D9FB-41B8-81B7-A02BE8FACD09}.Release|x64.Build.0 = Release|x64
		{62C43640-D9FB-41B8-81B7-A02BE8FACD09}.Release|x86.ActiveCfg = Release|x86
		{62C43640-D9FB-41B8-81B7-A02BE8FACD09}.Release|x86.Build.0 = Release|x86
		{4E03DB9F-54A7-461E-AF2B-E8BDB76A53FF}.Debug|Any CPU.ActiveCfg = Debug|Any CPU
		{4E03DB9F-54A7-461E-AF2B-E8BDB76A53FF}.Debug|Any CPU.Build.0 = Debug|Any CPU
		{4E03DB9F-54A7-461E-AF2B-E8BDB76A53FF}.Debug|ARM.ActiveCfg = Debug|ARM
		{4E03DB9F-54A7-461E-AF2B-E8BDB76A53FF}.Debug|ARM.Build.0 = Debug|ARM
		{4E03DB9F-54A7-461E-AF2B-E8BDB76A53FF}.Debug|x64.ActiveCfg = Debug|x64
		{4E03DB9F-54A7-461E-AF2B-E8BDB76A53FF}.Debug|x64.Build.0 = Debug|x64
		{4E03DB9F-54A7-461E-AF2B-E8BDB76A53FF}.Debug|x86.ActiveCfg = Debug|x86
		{4E03DB9F-54A7-461E-AF2B-E8BDB76A53FF}.Debug|x86.Build.0 = Debug|x86
		{4E03DB9F-54A7-461E-AF2B-E8BDB76A53FF}.Release|Any CPU.ActiveCfg = Release|Any CPU
		{4E03DB9F-54A7-461E-AF2B-E8BDB76A53FF}.Release|Any CPU.Build.0 = Release|Any CPU
		{4E03DB9F-54A7-461E-AF2B-E8BDB76A53FF}.Release|ARM.ActiveCfg = Release|ARM
		{4E03DB9F-54A7-461E-AF2B-E8BDB76A53FF}.Release|ARM.Build.0 = Release|ARM
		{4E03DB9F-54A7-461E-AF2B-E8BDB76A53FF}.Release|x64.ActiveCfg = Release|x64
		{4E03DB9F-54A7-461E-AF2B-E8BDB76A53FF}.Release|x64.Build.0 = Release|x64
		{4E03DB9F-54A7-461E-AF2B-E8BDB76A53FF}.Release|x86.ActiveCfg = Release|x86
		{4E03DB9F-54A7-461E-AF2B-E8BDB76A53FF}.Release|x86.Build.0 = Release|x86
		{8D0109B3-FEA4-4740-B850-24A1522348CB}.Debug|Any CPU.ActiveCfg = Debug|x86
		{8D0109B3-FEA4-4740-B850-24A1522348CB}.Debug|ARM.ActiveCfg = Debug|ARM
		{8D0109B3-FEA4-4740-B850-24A1522348CB}.Debug|ARM.Build.0 = Debug|ARM
		{8D0109B3-FEA4-4740-B850-24A1522348CB}.Debug|x64.ActiveCfg = Debug|x64
		{8D0109B3-FEA4-4740-B850-24A1522348CB}.Debug|x64.Build.0 = Debug|x64
		{8D0109B3-FEA4-4740-B850-24A1522348CB}.Debug|x86.ActiveCfg = Debug|x86
		{8D0109B3-FEA4-4740-B850-24A1522348CB}.Debug|x86.Build.0 = Debug|x86
		{8D0109B3-FEA4-4740-B850-24A1522348CB}.Release|Any CPU.ActiveCfg = Release|x86
		{8D0109B3-FEA4-4740-B850-24A1522348CB}.Release|ARM.ActiveCfg = Release|ARM
		{8D0109B3-FEA4-4740-B850-24A1522348CB}.Release|ARM.Build.0 = Release|ARM
		{8D0109B3-FEA4-4740-B850-24A1522348CB}.Release|x64.ActiveCfg = Release|x64
		{8D0109B3-FEA4-4740-B850-24A1522348CB}.Release|x64.Build.0 = Release|x64
		{8D0109B3-FEA4-4740-B850-24A1522348CB}.Release|x86.ActiveCfg = Release|x86
		{8D0109B3-FEA4-4740-B850-24A1522348CB}.Release|x86.Build.0 = Release|x86
	EndGlobalSection
	GlobalSection(SolutionProperties) = preSolution
		HideSolutionNode = FALSE
	EndGlobalSection
EndGlobal
